var.project_id
  Project ID to create resources in.

  Enter a value: data-engineering-ucu-2025


Terraform used the selected providers to generate the following execution plan. Resource actions are indicated with  
the following symbols:
  + create

Terraform will perform the following actions:

  # google_bigquery_dataset.dataops-dataset will be created
  + resource "google_bigquery_dataset" "dataops-dataset" {
      + creation_time              = (known after apply)
      + dataset_id                 = "dataops_dataset"
      + default_collation          = (known after apply)
      + delete_contents_on_destroy = false
      + effective_labels           = {
          + "goog-terraform-provisioned" = "true"
        }
      + etag                       = (known after apply)
      + id                         = (known after apply)
      + is_case_insensitive        = (known after apply)
      + last_modified_time         = (known after apply)
      + location                   = "europe-west6"
      + max_time_travel_hours      = (known after apply)
      + project                    = "data-engineering-ucu-2025"
      + self_link                  = (known after apply)
      + storage_billing_model      = (known after apply)
      + terraform_labels           = {
          + "goog-terraform-provisioned" = "true"
        }
    }

  # google_compute_instance.vm_instance will be created
  + resource "google_compute_instance" "vm_instance" {
      + can_ip_forward       = false
      + cpu_platform         = (known after apply)
      + creation_timestamp   = (known after apply)
      + current_status       = (known after apply)
      + deletion_protection  = false
      + effective_labels     = {
          + "goog-terraform-provisioned" = "true"
        }
      + id                   = (known after apply)
      + instance_id          = (known after apply)
      + label_fingerprint    = (known after apply)
      + machine_type         = "e2-standard-2"
      + metadata_fingerprint = (known after apply)
      + min_cpu_platform     = (known after apply)
      + name                 = "dataops-dataset-vm"
      + project              = "data-engineering-ucu-2025"
      + self_link            = (known after apply)
      + tags                 = [
          + "devops-course",
          + "ssh",
        ]
      + tags_fingerprint     = (known after apply)
      + terraform_labels     = {
          + "goog-terraform-provisioned" = "true"
        }
      + zone                 = "us-central1-c"

      + boot_disk {
          + auto_delete                = true
          + device_name                = (known after apply)
          + disk_encryption_key_sha256 = (known after apply)
          + guest_os_features          = (known after apply)
          + kms_key_self_link          = (known after apply)
          + mode                       = "READ_WRITE"
          + source                     = (known after apply)

          + initialize_params {
              + architecture           = (known after apply)
              + image                  = "centos-stream-9"
              + labels                 = (known after apply)
              + provisioned_iops       = (known after apply)
              + provisioned_throughput = (known after apply)
              + resource_policies      = (known after apply)
              + size                   = (known after apply)
              + snapshot               = (known after apply)
              + type                   = (known after apply)
            }
        }

      + network_interface {
          + internal_ipv6_prefix_length = (known after apply)
          + ipv6_access_type            = (known after apply)
          + ipv6_address                = (known after apply)
          + name                        = (known after apply)
          + network                     = "default"
          + network_attachment          = (known after apply)
          + network_ip                  = (known after apply)
          + stack_type                  = (known after apply)
          + subnetwork                  = "default"
          + subnetwork_project          = (known after apply)

          + access_config {
              + nat_ip       = (known after apply)
              + network_tier = (known after apply)
            }
        }
    }

  # google_storage_bucket.dataops-bucket will be created
  + resource "google_storage_bucket" "dataops-bucket" {
      + effective_labels            = {
          + "goog-terraform-provisioned" = "true"
        }
      + force_destroy               = true
      + id                          = (known after apply)
      + location                    = "EUROPE-WEST6"
      + name                        = "dataops-bucket-z566sgfwa"
      + project                     = (known after apply)
      + project_number              = (known after apply)
      + public_access_prevention    = "enforced"
      + rpo                         = (known after apply)
      + self_link                   = (known after apply)
      + storage_class               = "STANDARD"
      + terraform_labels            = {
          + "goog-terraform-provisioned" = "true"
        }
      + time_created                = (known after apply)
      + uniform_bucket_level_access = (known after apply)
      + updated                     = (known after apply)
      + url                         = (known after apply)
    }

Plan: 3 to add, 0 to change, 0 to destroy.

Do you want to perform these actions?
  Terraform will perform the actions described above.
  Only 'yes' will be accepted to approve.

  Enter a value: yes

google_bigquery_dataset.dataops-dataset: Creating...
google_storage_bucket.dataops-bucket: Creating...
google_compute_instance.vm_instance: Creating...
google_bigquery_dataset.dataops-dataset: Creation complete after 1s [id=projects/data-engineering-ucu-2025/datasets/dataops_dataset]
google_storage_bucket.dataops-bucket: Creation complete after 2s [id=dataops-bucket-z566sgfwa]
google_compute_instance.vm_instance: Still creating... [10s elapsed]
google_compute_instance.vm_instance: Still creating... [20s elapsed]
google_compute_instance.vm_instance: Creation complete after 23s [id=projects/data-engineering-ucu-2025/zones/us-central1-c/instances/dataops-dataset-vm]
Releasing state lock. This may take a few moments...

Apply complete! Resources: 3 added, 0 changed, 0 destroyed.